
Microsoft Visual Studio Solution File, Format Version 12.00
# Visual Studio 15
VisualStudioVersion = 15.0.28307.757
MinimumVisualStudioVersion = 10.0.40219.1
Project("{FAE04EC0-301F-11D3-BF4B-00C04F79EFBC}") = "SqliteTest", "SqliteTest\SqliteTest.csproj", "{C44AD7EB-0BB0-46EE-9543-E925D6E82804}"
EndProject
Global
	GlobalSection(SolutionConfigurationPlatforms) = preSolution
		Debug|Any CPU = Debug|Any CPU
		Release|Any CPU = Release|Any CPU
	EndGlobalSection
	GlobalSection(ProjectConfigurationPlatforms) = postSolution
		{C44AD7EB-0BB0-46EE-9543-E925D6E82804}.Debug|Any CPU.ActiveCfg = Debug|Any CPU
		{C44AD7EB-0BB0-46EE-9543-E925D6E82804}.Debug|Any CPU.Build.0 = Debug|Any CPU
		{C44AD7EB-0BB0-46EE-9543-E925D6E82804}.Release|Any CPU.ActiveCfg = Release|Any CPU
		{C44AD7EB-0BB0-46EE-9543-E925D6E82804}.Release|Any CPU.Build.0 = Release|Any CPU
	EndGlobalSection
	GlobalSection(SolutionProperties) = preSolution
		HideSolutionNode = FALSE
	EndGlobalSection
	GlobalSection(ExtensibilityGlobals) = postSolution
		SolutionGuid = {D439215E-3FFE-45CE-AB3D-5799FE4B4DBB}
	EndGlobalSection
EndGlobal
